
Microsoft Visual Studio Solution File, Format Version 12.00
# Visual Studio 2013
VisualStudioVersion = 12.0.30723.0
MinimumVisualStudioVersion = 10.0.40219.1
Project("{FAE04EC0-301F-11D3-BF4B-00C04F79EFBC}") = "ETD", "ETD\ETD.csproj", "{C7115E86-5030-47A2-96F8-27A3E228CAFC}"
EndProject
Project("{FAE04EC0-301F-11D3-BF4B-00C04F79EFBC}") = "ETD_UnitTest", "ETD_UnitTest\ETD_UnitTest.csproj", "{FBB169B9-5DE8-483C-B4E9-89C9DEE87994}"
EndProject
Project("{FAE04EC0-301F-11D3-BF4B-00C04F79EFBC}") = "ETD_Statistic", "ETD_Statistic\ETD_Statistic.csproj", "{D29D129B-076A-41E8-8BBD-DD28CD130BED}"
EndProject
Global
	GlobalSection(SolutionConfigurationPlatforms) = preSolution
		Debug|Any CPU = Debug|Any CPU
		Debug|ARM = Debug|ARM
		Debug|x64 = Debug|x64
		Debug|x86 = Debug|x86
		Release|Any CPU = Release|Any CPU
		Release|ARM = Release|ARM
		Release|x64 = Release|x64
		Release|x86 = Release|x86
	EndGlobalSection
	GlobalSection(ProjectConfigurationPlatforms) = postSolution
		{C7115E86-5030-47A2-96F8-27A3E228CAFC}.Debug|Any CPU.ActiveCfg = Debug|Any CPU
		{C7115E86-5030-47A2-96F8-27A3E228CAFC}.Debug|Any CPU.Build.0 = Debug|Any CPU
		{C7115E86-5030-47A2-96F8-27A3E228CAFC}.Debug|ARM.ActiveCfg = Debug|Any CPU
		{C7115E86-5030-47A2-96F8-27A3E228CAFC}.Debug|x64.ActiveCfg = Debug|Any CPU
		{C7115E86-5030-47A2-96F8-27A3E228CAFC}.Debug|x86.ActiveCfg = Debug|Any CPU
		{C7115E86-5030-47A2-96F8-27A3E228CAFC}.Release|Any CPU.ActiveCfg = Release|Any CPU
		{C7115E86-5030-47A2-96F8-27A3E228CAFC}.Release|Any CPU.Build.0 = Release|Any CPU
		{C7115E86-5030-47A2-96F8-27A3E228CAFC}.Release|ARM.ActiveCfg = Release|Any CPU
		{C7115E86-5030-47A2-96F8-27A3E228CAFC}.Release|x64.ActiveCfg = Release|Any CPU
		{C7115E86-5030-47A2-96F8-27A3E228CAFC}.Release|x86.ActiveCfg = Release|Any CPU
		{FBB169B9-5DE8-483C-B4E9-89C9DEE87994}.Debug|Any CPU.ActiveCfg = Debug|Any CPU
		{FBB169B9-5DE8-483C-B4E9-89C9DEE87994}.Debug|Any CPU.Build.0 = Debug|Any CPU
		{FBB169B9-5DE8-483C-B4E9-89C9DEE87994}.Debug|ARM.ActiveCfg = Debug|Any CPU
		{FBB169B9-5DE8-483C-B4E9-89C9DEE87994}.Debug|x64.ActiveCfg = Debug|Any CPU
		{FBB169B9-5DE8-483C-B4E9-89C9DEE87994}.Debug|x86.ActiveCfg = Debug|Any CPU
		{FBB169B9-5DE8-483C-B4E9-89C9DEE87994}.Release|Any CPU.ActiveCfg = Release|Any CPU
		{FBB169B9-5DE8-483C-B4E9-89C9DEE87994}.Release|Any CPU.Build.0 = Release|Any CPU
		{FBB169B9-5DE8-483C-B4E9-89C9DEE87994}.Release|ARM.ActiveCfg = Release|Any CPU
		{FBB169B9-5DE8-483C-B4E9-89C9DEE87994}.Release|x64.ActiveCfg = Release|Any CPU
		{FBB169B9-5DE8-483C-B4E9-89C9DEE87994}.Release|x86.ActiveCfg = Release|Any CPU
		{D29D129B-076A-41E8-8BBD-DD28CD130BED}.Debug|Any CPU.ActiveCfg = Debug|Any CPU
		{D29D129B-076A-41E8-8BBD-DD28CD130BED}.Debug|Any CPU.Build.0 = Debug|Any CPU
		{D29D129B-076A-41E8-8BBD-DD28CD130BED}.Debug|ARM.ActiveCfg = Debug|Any CPU
		{D29D129B-076A-41E8-8BBD-DD28CD130BED}.Debug|x64.ActiveCfg = Debug|Any CPU
		{D29D129B-076A-41E8-8BBD-DD28CD130BED}.Debug|x86.ActiveCfg = Debug|Any CPU
		{D29D129B-076A-41E8-8BBD-DD28CD130BED}.Release|Any CPU.ActiveCfg = Release|Any CPU
		{D29D129B-076A-41E8-8BBD-DD28CD130BED}.Release|Any CPU.Build.0 = Release|Any CPU
		{D29D129B-076A-41E8-8BBD-DD28CD130BED}.Release|ARM.ActiveCfg = Release|Any CPU
		{D29D129B-076A-41E8-8BBD-DD28CD130BED}.Release|x64.ActiveCfg = Release|Any CPU
		{D29D129B-076A-41E8-8BBD-DD28CD130BED}.Release|x86.ActiveCfg = Release|Any CPU
	EndGlobalSection
	GlobalSection(SolutionProperties) = preSolution
		HideSolutionNode = FALSE
	EndGlobalSection
EndGlobal
