
Microsoft Visual Studio Solution File, Format Version 12.00
# Visual Studio 2013
VisualStudioVersion = 12.0.30723.0
MinimumVisualStudioVersion = 10.0.40219.1
Project("{FAE04EC0-301F-11D3-BF4B-00C04F79EFBC}") = "ETD", "ETD\ETD.csproj", "{C7115E86-5030-47A2-96F8-27A3E228CAFC}"
EndProject
Project("{FAE04EC0-301F-11D3-BF4B-00C04F79EFBC}") = "ETD_UnitTest", "ETD_UnitTest\ETD_UnitTest.csproj", "{FBB169B9-5DE8-483C-B4E9-89C9DEE87994}"
EndProject
Project("{F088123C-0E9E-452A-89E6-6BA2F21D5CAC}") = "ModelingProject1", "ModelingProject1\ModelingProject1.modelproj", "{687F68B8-0DFE-446A-9331-C52B9D4E6EC4}"
EndProject
Global
	GlobalSection(SolutionConfigurationPlatforms) = preSolution
		Debug|Any CPU = Debug|Any CPU
		Release|Any CPU = Release|Any CPU
	EndGlobalSection
	GlobalSection(ProjectConfigurationPlatforms) = postSolution
		{C7115E86-5030-47A2-96F8-27A3E228CAFC}.Debug|Any CPU.ActiveCfg = Debug|Any CPU
		{C7115E86-5030-47A2-96F8-27A3E228CAFC}.Debug|Any CPU.Build.0 = Debug|Any CPU
		{C7115E86-5030-47A2-96F8-27A3E228CAFC}.Release|Any CPU.ActiveCfg = Release|Any CPU
		{C7115E86-5030-47A2-96F8-27A3E228CAFC}.Release|Any CPU.Build.0 = Release|Any CPU
		{FBB169B9-5DE8-483C-B4E9-89C9DEE87994}.Debug|Any CPU.ActiveCfg = Debug|Any CPU
		{FBB169B9-5DE8-483C-B4E9-89C9DEE87994}.Debug|Any CPU.Build.0 = Debug|Any CPU
		{FBB169B9-5DE8-483C-B4E9-89C9DEE87994}.Release|Any CPU.ActiveCfg = Release|Any CPU
		{FBB169B9-5DE8-483C-B4E9-89C9DEE87994}.Release|Any CPU.Build.0 = Release|Any CPU
		{687F68B8-0DFE-446A-9331-C52B9D4E6EC4}.Debug|Any CPU.ActiveCfg = Debug|Any CPU
		{687F68B8-0DFE-446A-9331-C52B9D4E6EC4}.Debug|Any CPU.Build.0 = Debug|Any CPU
		{687F68B8-0DFE-446A-9331-C52B9D4E6EC4}.Release|Any CPU.ActiveCfg = Release|Any CPU
		{687F68B8-0DFE-446A-9331-C52B9D4E6EC4}.Release|Any CPU.Build.0 = Release|Any CPU
	EndGlobalSection
	GlobalSection(SolutionProperties) = preSolution
		HideSolutionNode = FALSE
	EndGlobalSection
EndGlobal
